
Microsoft Visual Studio Solution File, Format Version 12.00
# Visual Studio Version 17
VisualStudioVersion = 17.0.31903.59
MinimumVisualStudioVersion = 10.0.40219.1
Project("{FAE04EC0-301F-11D3-BF4B-00C04F79EFBC}") = "UML-RS", "UML-RS\UML-RS.csproj", "{5DC01236-91B6-4167-BA8A-719D0380728E}"
EndProject
Global
	GlobalSection(SolutionConfigurationPlatforms) = preSolution
		Debug|Any CPU = Debug|Any CPU
		Release|Any CPU = Release|Any CPU
	EndGlobalSection
	GlobalSection(SolutionProperties) = preSolution
		HideSolutionNode = FALSE
	EndGlobalSection
	GlobalSection(ProjectConfigurationPlatforms) = postSolution
		{5DC01236-91B6-4167-BA8A-719D0380728E}.Debug|Any CPU.ActiveCfg = Debug|Any CPU
		{5DC01236-91B6-4167-BA8A-719D0380728E}.Debug|Any CPU.Build.0 = Debug|Any CPU
		{5DC01236-91B6-4167-BA8A-719D0380728E}.Release|Any CPU.ActiveCfg = Release|Any CPU
		{5DC01236-91B6-4167-BA8A-719D0380728E}.Release|Any CPU.Build.0 = Release|Any CPU
	EndGlobalSection
EndGlobal
